# This file is autogenerated, do not edit; changes may be undone by the next 'dep ensure'.


[[projects]]
  branch = "master"
  name = "github.com/pborman/getopt"
  packages = ["v2"]
  revision = "2b5b3bfb099b7da3e2f433966f8ab1d5803e0876"

[[projects]]
  name = "gopkg.in/yaml.v2"
  packages = ["."]
  revision = "5420a8b6744d3b0345ab293f6fcba19c978f1183"
  version = "v2.2.1"

[solve-meta]
  analyzer-name = "dep"
  analyzer-version = 1
  inputs-digest = "08339322294c5d741a985e04fedc57fc5a6e3a1f8bc9afe29762981994d9cc4a"
  solver-name = "gps-cdcl"
  solver-version = 1
